{
  "originHash" : "f473fb30b847d8b96b7a3c7cbe4c24e5b069663d47b4e5423920b07474f55184",
  "pins" : [
    {
      "identity" : "capacitor-swift-pm",
      "kind" : "remoteSourceControl",
      "location" : "https://github.com/ionic-team/capacitor-swift-pm.git",
      "state" : {
        "revision" : "6afa7424fd2fcd8ca1e577478e8a00af284b7e82",
        "version" : "8.5.1"
      }
    }
  ],
  "version" : 3
}
